{
    "_readme": [
        "This file locks the dependencies of your project to a known state",
        "Read more about it at https://getcomposer.org/doc/01-basic-usage.md#installing-dependencies",
        "This file is @generated automatically"
    ],
    "content-hash": "7eef055e6787e8f0fb8c62d8d17128c1",
    "packages": [
        {
            "name": "wixnit/core",
            "version": "2.0.3",
            "source": {
                "type": "git",
                "url": "https://github.com/danielmgbeafuruike/wixnit.git",
                "reference": "545f56f5b4f5c0b6d49e2a0928fbb375ba46a21b"
            },
            "dist": {
                "type": "zip",
                "url": "https://api.github.com/repos/danielmgbeafuruike/wixnit/zipball/545f56f5b4f5c0b6d49e2a0928fbb375ba46a21b",
                "reference": "545f56f5b4f5c0b6d49e2a0928fbb375ba46a21b",
                "shasum": ""
            },
            "type": "library",
            "autoload": {
                "psr-4": {
                    "Wixnit\\": "src/"
                }
            },
            "notification-url": "https://packagist.org/downloads/",
            "license": [
                "MIT"
            ],
            "authors": [
                {
                    "name": "Daniel Mgbeafuruike",
                    "email": "danidainid@yahoo.com"
                }
            ],
            "description": "Awesome, slim, sleak php framework",
            "keywords": [
                "framework"
            ],
            "support": {
                "issues": "https://github.com/danielmgbeafuruike/wixnit/issues",
                "source": "https://github.com/danielmgbeafuruike/wixnit/tree/2.0.3"
            },
            "time": "2025-08-03T15:24:34+00:00"
        }
    ],
    "packages-dev": [],
    "aliases": [],
    "minimum-stability": "stable",
    "stability-flags": [],
    "prefer-stable": false,
    "prefer-lowest": false,
    "platform": [],
    "platform-dev": [],
    "plugin-api-version": "2.6.0"
}
